version = 1
revision = 1
requires-python = "==3.12.*"

[[package]]
name = "ast-serialize"
version = "0.11.2"
source = { registry = "https://pypi.org/simple" }
sdist = { url = "https://files.pythonhosted.org/packages/54/1e/4f6082cdd6e5a29093513e9a3eabc5ed1c5331a9a84386b2fece80a00a48/ast_serialize-0.11.2.tar.gz", hash = "sha256:976a5bd75845d22f4b52905ddf53ab669ef1b14dba7735f5512841a2ef2b5450", size = 954387 }
wheels = [
    { url = "https://files.pythonhosted.org/packages/0b/55/a1962188abf0e62d84d55892bb044347e434711763b9a1d4ad867a70c1be/ast_serialize-0.11.2-cp315-abi3.abi3t-macosx_10_12_x86_64.whl", hash = "sha256:ab924ba260efd7509492f272d4e236d24564033f20c005d7c63a107c6a76fc85", size = 1235457 },
    { url = "https://files.pythonhosted.org/packages/2a/ad/439c2959150718446af76fbe2f4000f35eba9869ef8564f3d9a3d0b1c370/ast_serialize-0.11.2-cp315-abi3.abi3t-macosx_11_0_arm64.whl", hash = "sha256:a586be418eb70a9f1396cea29ddac8f4b9bf277fb73ea2340db31e218bc00f32", size = 1215705 },
    { url = "https://files.pythonhosted.org/packages/6d/d8/2c6542fc3e7c56a0a25d8d12d034d5a2d2e1900e292567b1c1dca8e83124/ast_serialize-0.11.2-cp315-abi3.abi3t-manylinux_2_17_aarch64.manylinux2014_aarch64.whl", hash = "sha256:8532f20916fa3189d4d785ef2a62d93c4d651ec9c5bffda66d2fc36898351f34", size = 1282530 },
    { url = "https://files.pythonhosted.org/packages/fa/ad/6f6755cd0842db46c3b10b1e4735f14aad78d71dea4753eb46933101711b/ast_serialize-0.11.2-cp315-abi3.abi3t-manylinux_2_17_armv7l.manylinux2014_armv7l.whl", hash = "sha256:ee732ae167e686d1d3c00f98d7d82b23138304694f0441b14d7ddf9c0f8a921c", size = 1287792 },
    { url = "https://files.pythonhosted.org/packages/03/40/5da672f5dd23fb7dc0c884c97711e56a3540f2fe3c4355a81f8beb385911/ast_serialize-0.11.2-cp315-abi3.abi3t-manylinux_2_17_ppc64le.manylinux2014_ppc64le.whl", hash = "sha256:75a1c7f46b9c19fc0ae01ca6fd076301628faa2ed7a8edbd55c6353c483946a3", size = 1557971 },
    { url = "https://files.pythonhosted.org/packages/df/c7/2bb25684f697801eb72866fdb94ed5edbff3867ce878b0e542a4a5b9dab9/ast_serialize-0.11.2-cp315-abi3.abi3t-manylinux_2_17_s390x.manylinux2014_s390x.whl", hash = "sha256:2fdf31a0bb85ea2575cc91669f005e6647d2efed491231c4dc1497bc9a5b3aa6", size = 1303230 },
    { url = "https://files.pythonhosted.org/packages/d8/85/754681846f26e0ff1da729b1ffe3171e93c22f0aa6ec3cea5b14e3703846/ast_serialize-0.11.2-cp315-abi3.abi3t-manylinux_2_17_x86_64.manylinux2014_x86_64.whl", hash = "sha256:3b78e6fdef3b06c86ed263e1962fee5a7b9d2d158e738b212d13b2c605ee12f5", size = 1302271 },
    { url = "https://files.pythonhosted.org/packages/fb/dc/f5521d8cb44b69095c3982ae3658a12c403e0efa19e51aeb9c8a79dff60c/ast_serialize-0.11.2-cp315-abi3.abi3t-manylinux_2_31_riscv64.whl", hash = "sha256:8d62a47714c8bc432b9fabcc29989c815c5da17327d35151f2fd0d85c2a7a5ff", size = 1309529 },
    { url = "https://files.pythonhosted.org/packages/73/0d/649182c7fd7c4f782279bed514de2dd67e48a5afecb605a098d64fdc01fd/ast_serialize-0.11.2-cp315-abi3.abi3t-manylinux_2_5_i686.manylinux1_i686.whl", hash = "sha256:8a5ffa70e76191dcf240d3c43e20c93b3bfd26f54d89148c762d57837f5bcd2c", size = 1356869 },
    { url = "https://files.pythonhosted.org/packages/bf/cc/aff4d84c16afa742d13a75384127c7d24594dc8c304f0558a15924fd51af/ast_serialize-0.11.2-cp315-abi3.abi3t-musllinux_1_2_aarch64.whl", hash = "sha256:bfbe47a3a7c368f28836e78b2440a3643ac0ec4c67d9fe53588e1448f0a3d35d", size = 1460006 },
    { url = "https://files.pythonhosted.org/packages/94/a7/891cbec2e5e0d7159196159d3ff0646622f3120ff4576c839ac2dd56c719/ast_serialize-0.11.2-cp315-abi3.abi3t-musllinux_1_2_armv7l.whl", hash = "sha256:7f1823275b246f9c7d373be6879e4eec09686948895d4ad083f4b27fd7e4da70", size = 1562935 },
    { url = "https://files.pythonhosted.org/packages/45/c4/2c8c4498340ea9aff87a9fd408309aa25d56dd51d7bbddfdb46a3c31424a/ast_serialize-0.11.2-cp315-abi3.abi3t-musllinux_1_2_i686.whl", hash = "sha256:57c0f5cb0021a5beb1e5e4d6e840ae2f23a28909703ef4d256a144cc1ad3d437", size = 1557109 },
    { url = "https://files.pythonhosted.org/packages/0d/8b/c5d4e5226fa18885fe17f949aee3ab1aeb8389c384d946ec1b7c9489cc94/ast_serialize-0.11.2-cp315-abi3.abi3t-musllinux_1_2_ppc64le.whl", hash = "sha256:cd320a5c4f1f2742af97eea22954f776379175c5ef2504801e9a155f2ff9a4d7", size = 1691603 },
    { url = "https://files.pythonhosted.org/packages/73/d6/1d2ca472586f9e3416a289a22f36eeb6dd6f47d77b1a4aba358405babbc7/ast_serialize-0.11.2-cp315-abi3.abi3t-musllinux_1_2_riscv64.whl", hash = "sha256:13b13afe32e845c86a573497729e1b7ddeb26c572c78bf50ece51da23b8fad5e", size = 1483053 },
    { url = "https://files.pythonhosted.org/packages/0e/16/d3703a7c1e3c76b144ac9349a54d3926d0749918a8dc13a66cede208b8ec/ast_serialize-0.11.2-cp315-abi3.abi3t-musllinux_1_2_x86_64.whl", hash = "sha256:9d80a81ec84660422579bdb8e789f656a794b48c7a1ae1261f6bd8bc1897d17d", size = 1502499 },
    { url = "https://files.pythonhosted.org/packages/2b/e4/d974e55c2e247ef26ed1df01c74940583db9a5b3a8bcaad5732c6e2047fb/ast_serialize-0.11.2-cp315-abi3.abi3t-win32.whl", hash = "sha256:af8c003ce721b0099dd55cef4ba733500fc3054ea0cc8565d8957aaf7cccdeb4", size = 1119739 },
    { url = "https://files.pythonhosted.org/packages/0d/00/d229443488e095054d5e0c0cc20689a2633b899d735849ff1b2c8e4f0cbf/ast_serialize-0.11.2-cp315-abi3.abi3t-win_amd64.whl", hash = "sha256:554d117cb916d8032d85007c654d179efbbfd446174c048062778136a922944f", size = 1158602 },
    { url = "https://files.pythonhosted.org/packages/11/75/389fc1a6cfa0c4b2ce522f47d8401329d8bb11732e516d46465960fef1d9/ast_serialize-0.11.2-cp315-abi3.abi3t-win_arm64.whl", hash = "sha256:d60515335750d431e462af6e722bb55720a5e7827192777bddfd9c4376065a4d", size = 1128842 },
    { url = "https://files.pythonhosted.org/packages/b1/54/f67120006fc73a55b6d057d4662d061fbb4eceafce3047c76ca8b382eb11/ast_serialize-0.11.2-cp39-abi3-macosx_10_12_x86_64.whl", hash = "sha256:daadf1c3e0224621607ffe16f1379e4bd372271ed2e1db8a67878f0bab3ef7e4", size = 1240734 },
    { url = "https://files.pythonhosted.org/packages/9a/7e/8f2ab68bddbe58a66fbbaad87beeae3e7d7edddb17263d1fc423936cf34d/ast_serialize-0.11.2-cp39-abi3-macosx_11_0_arm64.whl", hash = "sha256:1844ed9a487fb3de7325c52ddb33f2918b66b65cd54d3f8d83d23785ffe99fa4", size = 1228053 },
    { url = "https://files.pythonhosted.org/packages/d2/1b/8a69ab68f4c1603819f0481d756abdd8caf27cec7f1d77caa71007ebe997/ast_serialize-0.11.2-cp39-abi3-manylinux_2_17_aarch64.manylinux2014_aarch64.whl", hash = "sha256:b17869f4ba261a5fa468a753328a548f4dbaf74b4eadae9e28aff66df7f1425b", size = 1292542 },
    { url = "https://files.pythonhosted.org/packages/d1/ce/872f2e00f0467c289e483f0a34543463347243a2d0632748d89fcee5e0dc/ast_serialize-0.11.2-cp39-abi3-manylinux_2_17_armv7l.manylinux2014_armv7l.whl", hash = "sha256:feb16d9c2a720e0120c58dd5d6e7b3c7c86b43249b60a3bc212bcb8fa031e2dd", size = 1294791 },
    { url = "https://files.pythonhosted.org/packages/3a/82/36277c12af861c64b375c316135d8feffe3f400568463a8d2b2de4c2c4fb/ast_serialize-0.11.2-cp39-abi3-manylinux_2_17_ppc64le.manylinux2014_ppc64le.whl", hash = "sha256:f3109fe4805384effc8d0f8e41fbf875aa8f389af91b4348c1cfb60ea6e4cb82", size = 1567583 },
    { url = "https://files.pythonhosted.org/packages/b0/d7/ec643df91cea8bcbcb4e8011d6a8b08e5119b84f9554879f3e3c786d29d1/ast_serialize-0.11.2-cp39-abi3-manylinux_2_17_s390x.manylinux2014_s390x.whl", hash = "sha256:abdb3e49ba053c3486ac1263bee9f16cc9a4a8abd9f8c90bfc21e3669f3ad9d1", size = 1312878 },
    { url = "https://files.pythonhosted.org/packages/04/6f/4c992cd7841ba589fefb14ddc9aff2f6db7f2a615d4074f9ad04115b5ce0/ast_serialize-0.11.2-cp39-abi3-manylinux_2_17_x86_64.manylinux2014_x86_64.whl", hash = "sha256:a7004ba572f09be34342ccb98dcd4bad5707d3d81adc8cb4c3f685d2a2c51bbc", size = 1312642 },
    { url = "https://files.pythonhosted.org/packages/d5/e3/22aaa209c231a83cfea004fd67dee7a7a54da3f169c6c460b14b96887385/ast_serialize-0.11.2-cp39-abi3-manylinux_2_31_riscv64.whl", hash = "sha256:59c25f47524efa052971b860e128b1add0c94ede7dd16b2962952c85c3582365", size = 1319776 },
    { url = "https://files.pythonhosted.org/packages/c1/f7/d4685fb54d10108ce44d3bc893ef670854d61645d47ed96d73524db90c23/ast_serialize-0.11.2-cp39-abi3-manylinux_2_5_i686.manylinux1_i686.whl", hash = "sha256:f3a367e0e05ed2d1b747ceb07aa728a8c204cc008b589127e9bd4f40053d7575", size = 1365324 },
    { url = "https://files.pythonhosted.org/packages/42/3a/250643ffad02bda520c50a9a5f02a5d43259a06f34ce393c91761d134d7e/ast_serialize-0.11.2-cp39-abi3-musllinux_1_2_aarch64.whl", hash = "sha256:00bbf1f6669f813b48925b759f7ae4591067d456d443924055cab386e7e0a719", size = 1467653 },
    { url = "https://files.pythonhosted.org/packages/c7/da/af66a646b9b7f8fdec95ce83fc7b1fe538b06864bc79bd554ac4fae2e6ea/ast_serialize-0.11.2-cp39-abi3-musllinux_1_2_armv7l.whl", hash = "sha256:ec1c20f89c3e0d83576e3c06f79375ce936266591fe0d5fd969914af3185cbaa", size = 1571914 },
    { url = "https://files.pythonhosted.org/packages/34/82/77a9714564b9e8800087a8afec41527c65c39e49282baae2ac847b9c1c6a/ast_serialize-0.11.2-cp39-abi3-musllinux_1_2_i686.whl", hash = "sha256:c58bb119b73657fdc5569692f316e1e25ca114bd62f7782eb527c6be438ba3a9", size = 1569862 },
    { url = "https://files.pythonhosted.org/packages/65/06/fa77b52f46b9bd6dcd8ff2b880e3781f8c1a316bb1342bc3de92907c6f96/ast_serialize-0.11.2-cp39-abi3-musllinux_1_2_ppc64le.whl", hash = "sha256:f739e0b601be7300c5697a2573d9200bd1db74b34ab111ef9537b9d5dcd7f106", size = 1699020 },
    { url = "https://files.pythonhosted.org/packages/e1/09/239c83153c7e0798e5867d6909cb06f53dccfef02f6999c8e2e21ecb98c3/ast_serialize-0.11.2-cp39-abi3-musllinux_1_2_riscv64.whl", hash = "sha256:cae5addfbb54cc1d47fe947ef9138e9d83849ed1cbc72b819cf36d96a2315b07", size = 1492869 },
    { url = "https://files.pythonhosted.org/packages/2f/eb/6108fb9a43fc7ab5529856e38e33c6e3e064fbfe375fdcbb208c7cd5438d/ast_serialize-0.11.2-cp39-abi3-musllinux_1_2_x86_64.whl", hash = "sha256:2fa3be25f7f5351b1b39c9f8a52779b2dbf21199efbae564b4746422e8edca4e", size = 1511621 },
    { url = "https://files.pythonhosted.org/packages/8a/82/60367e58ef346a41ebc90d3f28593c1b8f5c2cb5314c7b2bbd98910ee131/ast_serialize-0.11.2-cp39-abi3-win32.whl", hash = "sha256:d70556a2f9230a44c99a655774cde823f056efc34466eabfb4085f0cb1ea9f99", size = 1125873 },
    { url = "https://files.pythonhosted.org/packages/23/bf/b419c3205ce1143ba7c69baef4f0ba43c14d8712113bf34f9e0d27d609be/ast_serialize-0.11.2-cp39-abi3-win_amd64.whl", hash = "sha256:b9065dd23131a23b41f5bab3bf4e9b3c350a3fe8e36e8200eded9b729fcea484", size = 1165434 },
    { url = "https://files.pythonhosted.org/packages/91/a7/c8bbb2173f7a7131b3b2412035b2d814ab5ef2ce9799bd06f07c451640e4/ast_serialize-0.11.2-cp39-abi3-win_arm64.whl", hash = "sha256:dab599cbdcb7b45b18c41fad746645580b3a24357082b7f0e8921cd373804f27", size = 1136031 },
]

[[package]]
name = "colorama"
version = "0.4.6"
source = { registry = "https://pypi.org/simple" }
sdist = { url = "https://files.pythonhosted.org/packages/d8/53/6f443c9a4a8358a93a6792e2acffb9d9d5cb0a5cfd8802644b7b1c9a02e4/colorama-0.4.6.tar.gz", hash = "sha256:08695f5cb7ed6e0531a20572697297273c47b8cae5a63ffc6d6ed5c201be6e44", size = 27697 }
wheels = [
    { url = "https://files.pythonhosted.org/packages/d1/d6/3965ed04c63042e047cb6a3e6ed1a63a35087b6a609aa3a15ed8ac56c221/colorama-0.4.6-py2.py3-none-any.whl", hash = "sha256:4f1d9991f5acc0ca119f9d443620b77f9d6b33703e51011c16baf57afb285fc6", size = 25335 },
]

[[package]]
name = "iniconfig"
version = "2.3.0"
source = { registry = "https://pypi.org/simple" }
sdist = { url = "https://files.pythonhosted.org/packages/72/34/14ca021ce8e5dfedc35312d08ba8bf51fdd999c576889fc2c24cb97f4f10/iniconfig-2.3.0.tar.gz", hash = "sha256:c76315c77db068650d49c5b56314774a7804df16fee4402c1f19d6d15d8c4730", size = 20503 }
wheels = [
    { url = "https://files.pythonhosted.org/packages/cb/b1/3846dd7f199d53cb17f49cba7e651e9ce294d8497c8c150530ed11865bb8/iniconfig-2.3.0-py3-none-any.whl", hash = "sha256:f631c04d2c48c52b84d0d0549c99ff3859c98df65b3101406327ecc7d53fbf12", size = 7484 },
]

[[package]]
name = "librt"
version = "0.15.0"
source = { registry = "https://pypi.org/simple" }
sdist = { url = "https://files.pythonhosted.org/packages/36/9b/356320fbae2ac8467e21c5e73e1389c80468e4998c62cc7d3536cc51b614/librt-0.15.0.tar.gz", hash = "sha256:4e66cbe84437497d951b799d3e1551291b6fb3d643820a7014b3655d57a59162", size = 214338 }
wheels = [
    { url = "https://files.pythonhosted.org/packages/ba/39/99c25030e782bdfb7a21be8c05254806a2e4bbb05c8d50c2a2130acbfa05/librt-0.15.0-cp312-cp312-macosx_10_13_x86_64.whl", hash = "sha256:e87bc679f86a99aa3b26e3c78eeb821a247c9a28eae48eaafcc32c3bf4c3bb9e", size = 151021 },
    { url = "https://files.pythonhosted.org/packages/14/43/f4b1bd1b2888798a1409808889a25ea1ba49eaabce7d681ed27734c2df9d/librt-0.15.0-cp312-cp312-macosx_11_0_arm64.whl", hash = "sha256:71599e011ac880e8e45d46047d714871894c7d4ab6f25626f8d4f89da21f368d", size = 155267 },
    { url = "https://files.pythonhosted.org/packages/0c/db/3ad9c965c72f1e1d6beeec44ec10a54e17be8ae042fbb4baade16cbadced/librt-0.15.0-cp312-cp312-manylinux2014_aarch64.manylinux_2_17_aarch64.manylinux_2_28_aarch64.whl", hash = "sha256:c802434092b769b1d613ed2e13fac15fbfce1934a74bd10283b03c0fae231cd1", size = 503136 },
    { url = "https://files.pythonhosted.org/packages/4b/07/5888a6d76acd62ebce66c61b74d94e9370b9c32929f111e487bb6546f8ed/librt-0.15.0-cp312-cp312-manylinux2014_i686.manylinux_2_17_i686.manylinux_2_28_i686.whl", hash = "sha256:5500eeae393a184d14e1f35645962c27129d20c81afa4069e6ef826ebc2b3aaa", size = 496670 },
    { url = "https://files.pythonhosted.org/packages/29/39/ab57cc2f5b276156da02bb7f5a8921bada1cb1993ffec99acf811c602c23/librt-0.15.0-cp312-cp312-manylinux2014_ppc64le.manylinux_2_17_ppc64le.manylinux_2_28_ppc64le.whl", hash = "sha256:6ecfc32dfb46fb7b565bcd6abf9412acf978775a998273d22888a6d7953730dd", size = 513688 },
    { url = "https://files.pythonhosted.org/packages/a7/b9/bdbb0b648b5c2befb031f4c6f3b1dd857415e8fb492a25a3c764a6681e6c/librt-0.15.0-cp312-cp312-manylinux2014_x86_64.manylinux_2_17_x86_64.manylinux_2_28_x86_64.whl", hash = "sha256:89cc46cfd15022e35084355478c9ac809d90b1152222706ac9a7655ec21df6fa", size = 531904 },
    { url = "https://files.pythonhosted.org/packages/93/26/473c2e4b6c104e9e58e27ce95fc8005c8bd4fc36cae4f254371125a92db8/librt-0.15.0-cp312-cp312-manylinux_2_34_riscv64.manylinux_2_39_riscv64.whl", hash = "sha256:d5f51401d102c885b9ca509e62c79b1dbff286e1b9b047fde6f763780789356d", size = 524427 },
    { url = "https://files.pythonhosted.org/packages/26/60/03b3abb82b41714671b907bf6989b228e31e6a8af52dec82b5b0728dc250/librt-0.15.0-cp312-cp312-musllinux_1_2_aarch64.whl", hash = "sha256:cc30523e3f1a23fb7511cc659834a0d01a1042bb9de359bc1c131cc4ec6c9656", size = 543155 },
    { url = "https://files.pythonhosted.org/packages/f2/0e/9bb1f0a4affbd0a1888f4f79dc03ed2a299d9a2c26c59ab2a97dcbf11903/librt-0.15.0-cp312-cp312-musllinux_1_2_i686.whl", hash = "sha256:59fe030d8ae4a57e3fb7756bf35a858de74e04066fc8555c53d0af979132af81", size = 546890 },
    { url = "https://files.pythonhosted.org/packages/dc/84/6937a280d461f7de6e031ffb02edc2b7c3c90d49d630565ce8ff27cbc5f2/librt-0.15.0-cp312-cp312-musllinux_1_2_ppc64le.whl", hash = "sha256:5a6526a2a956bbb1e4ae3568c82e650fc99119c66bb011ea60715744955a2b4d", size = 555163 },
    { url = "https://files.pythonhosted.org/packages/bc/95/2a2853c1ee014bf102116e7f897a04beeaeb2461b45b79af98bdfb95f1ef/librt-0.15.0-cp312-cp312-musllinux_1_2_riscv64.whl", hash = "sha256:85ea21ec6730194d67156b0e0b5430ccb1d61f8b8b907e39b37f9812b74a13f0", size = 535812 },
    { url = "https://files.pythonhosted.org/packages/c9/4c/cf9601c1b4c5f09280acd5d83abdb2e68527a2be8257136eb42304218622/librt-0.15.0-cp312-cp312-musllinux_1_2_x86_64.whl", hash = "sha256:1e47b8ba865d7ede071a91a7163073bbaeb72541f1ef8a07d512c45c7b5007f2", size = 573688 },
    { url = "https://files.pythonhosted.org/packages/47/6d/9ac7cbec46189a7625af4b5acbd25f10d827f4141b2002181848c8418923/librt-0.15.0-cp312-cp312-win32.whl", hash = "sha256:a5207ec414d1c4a2a7231b2086970dc036f94293cdf338190984958a013a42f1", size = 106138 },
    { url = "https://files.pythonhosted.org/packages/38/d0/2ae99c83be86ce23f925ac1aeeedc777e97f427c4a8d190c70d0a16e9a87/librt-0.15.0-cp312-cp312-win_amd64.whl", hash = "sha256:73b30cfa976659b3917c8f6153bdb0591c6a9ec6583599fd24a689b690622022", size = 126974 },
    { url = "https://files.pythonhosted.org/packages/5d/ef/dd24f9635c730b86b87587967dda7516b1845e8b17684603d31607fed598/librt-0.15.0-cp312-cp312-win_arm64.whl", hash = "sha256:a54cf9e0ef47b96af580849db5471142200568ce1e02cbf416addab551369570", size = 112292 },
]

[[package]]
name = "mypy"
version = "2.3.1"
source = { registry = "https://pypi.org/simple" }
dependencies = [
    { name = "ast-serialize" },
    { name = "librt", marker = "platform_python_implementation != 'PyPy'" },
    { name = "mypy-extensions" },
    { name = "pathspec" },
    { name = "typing-extensions" },
]
sdist = { url = "https://files.pythonhosted.org/packages/82/6a/878cc1097d4035f82bd516658d0c528d2a9955bc7b363afcbd0b07fea11b/mypy-2.3.1.tar.gz", hash = "sha256:47c1b1207258513a9d93495f69c8be9de73916186f0e52703e8c461b7a623419", size = 3992554 }
wheels = [
    { url = "https://files.pythonhosted.org/packages/85/da/d6effc4f808a842d91edc22535dc9e799d2ff6e91449168b7f47a0771f54/mypy-2.3.1-cp312-cp312-macosx_11_0_arm64.whl", hash = "sha256:a32bbbb940af990d3be0b8af321c7b6815bb1b3b48142fe7459b9cc5f58959ff", size = 14047547 },
    { url = "https://files.pythonhosted.org/packages/e4/e6/478229701dab76f26485fc8ff5d6f241f393da22447400bbc56f6946aebe/mypy-2.3.1-cp312-cp312-manylinux2014_aarch64.manylinux_2_17_aarch64.manylinux_2_28_aarch64.whl", hash = "sha256:ff715e45b2231a8e85de1d163d1b42791e4d7aab8f5145f85fee1b710b735aff", size = 14216515 },
    { url = "https://files.pythonhosted.org/packages/8d/fe/7c42327a3b21e84681f691982cbfe43f334a3685f3b683b72c376476c4fa/mypy-2.3.1-cp312-cp312-manylinux2014_x86_64.manylinux_2_17_x86_64.manylinux_2_28_x86_64.whl", hash = "sha256:858fc57d3d91fa728e33e7ad71def60fc6272694607b306cd3292db53ae39080", size = 15307789 },
    { url = "https://files.pythonhosted.org/packages/59/f4/7e597edbe01b5a56fa958ce541302dcaabfed979966f1dffedbea0ea0fc2/mypy-2.3.1-cp312-cp312-musllinux_1_2_x86_64.whl", hash = "sha256:851833db876e7b650f93719c74b7879a08e338979c96054fdfc3bfd90a486355", size = 15548831 },
    { url = "https://files.pythonhosted.org/packages/a3/52/cb31e084bc0314a1e384bdd677a4b80e55af04ccac077545e2238b9d320a/mypy-2.3.1-cp312-cp312-win_amd64.whl", hash = "sha256:4c5095a327483591c94e0c8d3ef9e50d4ab1369b541eae007c1f23bc2a41f6bb", size = 11226359 },
    { url = "https://files.pythonhosted.org/packages/7a/47/88fcf6217b43fa2da81a8c2611370af18141536a4f0294bbf98b457d456d/mypy-2.3.1-cp312-cp312-win_arm64.whl", hash = "sha256:bbfe022634a2a195406bd469e888d2eaf193b02ba7e607391cd7640374aaae3b", size = 10214707 },
    { url = "https://files.pythonhosted.org/packages/8e/41/9675c7a1e78edecfba0b79e587a52594c56e189368261dc7b3a7fffb9527/mypy-2.3.1-py3-none-any.whl", hash = "sha256:6ed5c7e3419083268e5c9258bd1c1ef91af44a9e89374dbcaf37b775716e72eb", size = 2754338 },
]

[[package]]
name = "mypy-extensions"
version = "1.1.0"
source = { registry = "https://pypi.org/simple" }
sdist = { url = "https://files.pythonhosted.org/packages/a2/6e/371856a3fb9d31ca8dac321cda606860fa4548858c0cc45d9d1d4ca2628b/mypy_extensions-1.1.0.tar.gz", hash = "sha256:52e68efc3284861e772bbcd66823fde5ae21fd2fdb51c62a211403730b916558", size = 6343 }
wheels = [
    { url = "https://files.pythonhosted.org/packages/79/7b/2c79738432f5c924bef5071f933bcc9efd0473bac3b4aa584a6f7c1c8df8/mypy_extensions-1.1.0-py3-none-any.whl", hash = "sha256:1be4cccdb0f2482337c4743e60421de3a356cd97508abadd57d47403e94f5505", size = 4963 },
]

[[package]]
name = "packaging"
version = "26.3"
source = { registry = "https://pypi.org/simple" }
sdist = { url = "https://files.pythonhosted.org/packages/7d/fa/3944b40b07da9ce895c0e6303a5ab7d53da063554f534556b134a54d6093/packaging-26.3.tar.gz", hash = "sha256:94edc256424af38762eb31306eed28beb9f0efc50a8837492c9d6fd6004aed79", size = 313412 }
wheels = [
    { url = "https://files.pythonhosted.org/packages/63/34/ba1c580383c9eada3711951fef0795c80b829a078d72188184bcab9dd527/packaging-26.3-py3-none-any.whl", hash = "sha256:d7193f7c8e4e93f444fde0262bf90af30e16fa0ad0ad44cb553c87339b23cd1c", size = 129956 },
]

[[package]]
name = "pathspec"
version = "1.1.1"
source = { registry = "https://pypi.org/simple" }
sdist = { url = "https://files.pythonhosted.org/packages/5a/82/42f767fc1c1143d6fd36efb827202a2d997a375e160a71eb2888a925aac1/pathspec-1.1.1.tar.gz", hash = "sha256:17db5ecd524104a120e173814c90367a96a98d07c45b2e10c2f3919fff91bf5a", size = 135180 }
wheels = [
    { url = "https://files.pythonhosted.org/packages/f1/d9/7fb5aa316bc299258e68c73ba3bddbc499654a07f151cba08f6153988714/pathspec-1.1.1-py3-none-any.whl", hash = "sha256:a00ce642f577bf7f473932318056212bc4f8bfdf53128c78bbd5af0b9b20b189", size = 57328 },
]

[[package]]
name = "physgate"
version = "0.0.0"
source = { editable = "." }

[package.dev-dependencies]
dev = [
    { name = "mypy" },
    { name = "pytest" },
    { name = "ruff" },
]

[package.metadata]

[package.metadata.requires-dev]
dev = [
    { name = "mypy", specifier = ">=2.3,<3" },
    { name = "pytest", specifier = ">=9,<10" },
    { name = "ruff", specifier = ">=0.16,<0.17" },
]

[[package]]
name = "pluggy"
version = "1.6.0"
source = { registry = "https://pypi.org/simple" }
sdist = { url = "https://files.pythonhosted.org/packages/f9/e2/3e91f31a7d2b083fe6ef3fa267035b518369d9511ffab804f839851d2779/pluggy-1.6.0.tar.gz", hash = "sha256:7dcc130b76258d33b90f61b658791dede3486c3e6bfb003ee5c9bfb396dd22f3", size = 69412 }
wheels = [
    { url = "https://files.pythonhosted.org/packages/54/20/4d324d65cc6d9205fabedc306948156824eb9f0ee1633355a8f7ec5c66bf/pluggy-1.6.0-py3-none-any.whl", hash = "sha256:e920276dd6813095e9377c0bc5566d94c932c33b27a3e3945d8389c374dd4746", size = 20538 },
]

[[package]]
name = "pygments"
version = "2.21.0"
source = { registry = "https://pypi.org/simple" }
sdist = { url = "https://files.pythonhosted.org/packages/49/2e/ced460408999b33da6b31b0021b0f37d329e202d4169aeb164493778f25b/pygments-2.21.0.tar.gz", hash = "sha256:610ca751c9bc2492b38eb9a38a7fbc93edbbb2d7182edaf34e66ae493dee5c8c", size = 5005329 }
wheels = [
    { url = "https://files.pythonhosted.org/packages/71/46/17f022dd3e953bf20a04a028a21ec746d942f8d2af30fa0f124fa0e6a684/pygments-2.21.0-py3-none-any.whl", hash = "sha256:2363c69b61c4a97c838da3b130dcd6468f4848992b21a82f2a63ec34377137d9", size = 1250147 },
]

[[package]]
name = "pytest"
version = "9.1.1"
source = { registry = "https://pypi.org/simple" }
dependencies = [
    { name = "colorama", marker = "sys_platform == 'win32'" },
    { name = "iniconfig" },
    { name = "packaging" },
    { name = "pluggy" },
    { name = "pygments" },
]
sdist = { url = "https://files.pythonhosted.org/packages/e4/47/b9efed96c114afcfa3c9d3fe98a76a1d14c74a9e266d397cf6eb64be5e01/pytest-9.1.1.tar.gz", hash = "sha256:1088fbde8f2b49d95a549a195707afa7a76a3ce9bcadc26b6d71f0ffda5fe313", size = 1636369 }
wheels = [
    { url = "https://files.pythonhosted.org/packages/24/25/1de2678b631f5a49215c6c96fff41ba892b0a34df68d6d80292b1b48aa7f/pytest-9.1.1-py3-none-any.whl", hash = "sha256:37a86b45efb9a47a61a36449063e8e18d0cab3161329fc099eb21783169c4f0c", size = 386536 },
]

[[package]]
name = "ruff"
version = "0.16.8"
source = { registry = "https://pypi.org/simple" }
sdist = { url = "https://files.pythonhosted.org/packages/ba/78/449cb84790bd5cc3823b2652ee405a4558856e5c4195aee3a16bf7b3eb5d/ruff-0.16.8.tar.gz", hash = "sha256:9247bf92b5f04d825c8639a4fe423ec2e4222acd9222e58412b0dab7e442798b", size = 4938814 }
wheels = [
    { url = "https://files.pythonhosted.org/packages/ac/25/6071aabc530e9be7e2c195e8fe3f7aea2735405b6cf447212832d7811831/ruff-0.16.8-py3-none-linux_armv6l.whl", hash = "sha256:6ffbd6d87383c1edf5f6fa890f10200950240d7c1a16052a19a09d3a2307dd38", size = 10048966 },
    { url = "https://files.pythonhosted.org/packages/54/98/07f90ecbc74dd5fb5764f11f2bc774d6a7cffef92d2ff5f5b4e9e23c754e/ruff-0.16.8-py3-none-macosx_10_12_x86_64.whl", hash = "sha256:42ed6b878ed61e3acca92f2730a17acff39286944ea82398544696366a6f925e", size = 10165498 },
    { url = "https://files.pythonhosted.org/packages/fe/1f/e6a712e3b47cad4a40600134105ed193cb773f618a42eb7ba323cb812cc0/ruff-0.16.8-py3-none-macosx_11_0_arm64.whl", hash = "sha256:7ea781c7f2afba8c6a505ea0fb3f994020249e0c450635f5381286fea6b46170", size = 9830004 },
    { url = "https://files.pythonhosted.org/packages/23/f2/311a08776d75d81c7676e20b6b020ae63cbe881fcdc7a8dd64e6e18bdd93/ruff-0.16.8-py3-none-manylinux_2_17_aarch64.manylinux2014_aarch64.whl", hash = "sha256:8efeae3bbe414a5efefda11a792dfb51ef90ac48d50c4830de2f644caf3e8659", size = 9986558 },
    { url = "https://files.pythonhosted.org/packages/f3/ed/37b6cb3d3ba8c73e68ae3eb1d502383beb5aa05a582bb7bb3a922f929f54/ruff-0.16.8-py3-none-manylinux_2_17_armv7l.manylinux2014_armv7l.whl", hash = "sha256:3a79b795469fef7fc6e908b218eed2eb17332afd85031db6480dc864560e69b2", size = 9877332 },
    { url = "https://files.pythonhosted.org/packages/22/cc/40873a8f36ad084cc540d55fcca7077264d5b13b24659e9180c176fb2b08/ruff-0.16.8-py3-none-manylinux_2_17_i686.manylinux2014_i686.whl", hash = "sha256:3fdc5563cdc50555e6fba39322850860e9267c1b3d12c26a74729d8604c3c812", size = 10507125 },
    { url = "https://files.pythonhosted.org/packages/c3/e4/fc91a642b78ccbab6b9477720f3644ae7a10a9bcce69a934679cd64f62bc/ruff-0.16.8-py3-none-manylinux_2_17_ppc64le.manylinux2014_ppc64le.whl", hash = "sha256:34508983c70665578dab88f5223d8e6228307e1135398ca8bfc8b7e9501e282b", size = 11336694 },
    { url = "https://files.pythonhosted.org/packages/c2/3d/bbd2a9a600a4e73dc3e7548a249c8d1671273464b55822c6fae50f602dff/ruff-0.16.8-py3-none-manylinux_2_17_s390x.manylinux2014_s390x.whl", hash = "sha256:644bb578569e0ffc575741232bd385dacdd6fbe123f1a729e7a225f54aa3957f", size = 10774448 },
    { url = "https://files.pythonhosted.org/packages/1a/41/d83af9879a7b6e8bf5fe16b1da0b134049d2f5d3afac12defb0897cb84bd/ruff-0.16.8-py3-none-manylinux_2_17_x86_64.manylinux2014_x86_64.whl", hash = "sha256:15e7d226246961db9235098333caa13063906d3851136b84c2900b82f5daa1df", size = 10323796 },
    { url = "https://files.pythonhosted.org/packages/f5/2c/cefd07bfe914b84943ea769ade8d607bd22750b965d3228eefd7cebd15d0/ruff-0.16.8-py3-none-manylinux_2_31_riscv64.whl", hash = "sha256:a2bf6bc3e9ebdd4449abc6f06cf64b98051a2c61cf94d2fe9596518c881f1a1e", size = 10514115 },
    { url = "https://files.pythonhosted.org/packages/f3/9d/76a2e26c79a23be6e6e3664c57bec9e9fc8de155cfb9e4b67ea91b64f9d7/ruff-0.16.8-py3-none-musllinux_1_2_aarch64.whl", hash = "sha256:6ca111ba0849539165e9e59d2b442542f3c1e8060ebbdea82494f1ffbccb1e1f", size = 10072582 },
    { url = "https://files.pythonhosted.org/packages/2e/d4/f42edddb39668af1a559ceafa3823aedd65633a48dc9768e775485faa2c1/ruff-0.16.8-py3-none-musllinux_1_2_armv7l.whl", hash = "sha256:359a1e5b495448ee1e91018064382ebc86f90e8aac2fed222c7d0e4e8df85fd2", size = 9879644 },
    { url = "https://files.pythonhosted.org/packages/f8/d4/913e3195d95e0378786c6656945c865f534a3560e29139da4882aff630d1/ruff-0.16.8-py3-none-musllinux_1_2_i686.whl", hash = "sha256:59e8f5681349474110b24d62e93cfda6593f5fa3473446ca3705200cac1a08b9", size = 10231569 },
    { url = "https://files.pythonhosted.org/packages/2b/c4/8aa6ea0bdcedbd1bf87397e2fc4ed8406448ea5842f8660bc6e5f163039d/ruff-0.16.8-py3-none-musllinux_1_2_x86_64.whl", hash = "sha256:efa3e7a16d1baaa79957888dfdf8be9ef2e44db81cb032af06d76632ab59e773", size = 10663666 },
    { url = "https://files.pythonhosted.org/packages/3d/02/7f10ef4700bc223c30a3fdd10631a29830c45524b810a3c7ed947af64591/ruff-0.16.8-py3-none-win32.whl", hash = "sha256:55793ba85c69921e89be061426d91a78652d6e50317c962240922747a4eb713f", size = 10093472 },
    { url = "https://files.pythonhosted.org/packages/1e/5d/a509c07d714b6da88f2c518b4637cf6f1d46b074be8f0f1e5fb9ff5126fe/ruff-0.16.8-py3-none-win_amd64.whl", hash = "sha256:a6b85621fd3c81e31fc5f5add09c9c078b430db3595ca632efafdec9e64ebfaa", size = 10586899 },
    { url = "https://files.pythonhosted.org/packages/fe/a0/50787329e4f20bf9dc9f6230015d46ec69c51a97ace5bc202dae4755365d/ruff-0.16.8-py3-none-win_arm64.whl", hash = "sha256:d075e820af612102ce217f07cc93e69f9490b10ec13ea85fa87bd03d996cef8a", size = 10386316 },
]

[[package]]
name = "typing-extensions"
version = "4.16.0"
source = { registry = "https://pypi.org/simple" }
sdist = { url = "https://files.pythonhosted.org/packages/f6/cc/6253133b5bb138fc3306cebfbda2c520f545d36b5be2c7255cc528bb45d6/typing_extensions-4.16.0.tar.gz", hash = "sha256:dc983d19a509c94dba722ee6abd33940f7c05a89e243c47e907eb4db6f1a43e5", size = 113555 }
wheels = [
    { url = "https://files.pythonhosted.org/packages/49/d3/b8441a820a491ddfc024b0b0cf0393375b75ea13866d9c66727e54c2fc80/typing_extensions-4.16.0-py3-none-any.whl", hash = "sha256:481caa481374e813c1b176ada14e97f1f67a4539ce9cfeb3f350d78d6370c2e8", size = 45571 },
]
